
Microsoft Visual Studio Solution File, Format Version 12.00
# Visual Studio Version 17
VisualStudioVersion = 17.0.31903.59
MinimumVisualStudioVersion = 10.0.40219.1
Project("{2150E333-8FDC-42A3-9474-1A3956D46DE8}") = "PdfBoxNet.Tests", "PdfBoxNet.Tests", "{42421973-0E2B-D754-24AC-2A89AA0E70EC}"
EndProject
Project("{FAE04EC0-301F-11D3-BF4B-00C04F79EFBC}") = "PdfBoxNet.Tests", "PdfBoxNet.Tests\PdfBoxNet.Tests\PdfBoxNet.Tests.csproj", "{A50384F9-A05D-4AEE-8846-0326C5B95B02}"
EndProject
Project("{FAE04EC0-301F-11D3-BF4B-00C04F79EFBC}") = "PdfBoxNet.Core", "PdfBoxNet.Core\PdfBoxNet.Core\PdfBoxNet.Core.csproj", "{B0789814-6DE4-965A-1CA3-1D72D9E9A904}"
EndProject
Project("{FAE04EC0-301F-11D3-BF4B-00C04F79EFBC}") = "PdfBoxNet.Examples", "PdfBoxNet.Examples\PdfBoxNet.Examples\PdfBoxNet.Examples.csproj", "{B4F0726E-B6C4-A503-5137-815B4C1D4DAF}"
EndProject
Global
	GlobalSection(SolutionConfigurationPlatforms) = preSolution
		Debug|Any CPU = Debug|Any CPU
		Debug|x64 = Debug|x64
		Debug|x86 = Debug|x86
		Release|Any CPU = Release|Any CPU
		Release|x64 = Release|x64
		Release|x86 = Release|x86
	EndGlobalSection
	GlobalSection(ProjectConfigurationPlatforms) = postSolution
		{A50384F9-A05D-4AEE-8846-0326C5B95B02}.Debug|Any CPU.ActiveCfg = Debug|Any CPU
		{A50384F9-A05D-4AEE-8846-0326C5B95B02}.Debug|Any CPU.Build.0 = Debug|Any CPU
		{A50384F9-A05D-4AEE-8846-0326C5B95B02}.Debug|x64.ActiveCfg = Debug|Any CPU
		{A50384F9-A05D-4AEE-8846-0326C5B95B02}.Debug|x64.Build.0 = Debug|Any CPU
		{A50384F9-A05D-4AEE-8846-0326C5B95B02}.Debug|x86.ActiveCfg = Debug|Any CPU
		{A50384F9-A05D-4AEE-8846-0326C5B95B02}.Debug|x86.Build.0 = Debug|Any CPU
		{A50384F9-A05D-4AEE-8846-0326C5B95B02}.Release|Any CPU.ActiveCfg = Release|Any CPU
		{A50384F9-A05D-4AEE-8846-0326C5B95B02}.Release|Any CPU.Build.0 = Release|Any CPU
		{A50384F9-A05D-4AEE-8846-0326C5B95B02}.Release|x64.ActiveCfg = Release|Any CPU
		{A50384F9-A05D-4AEE-8846-0326C5B95B02}.Release|x64.Build.0 = Release|Any CPU
		{A50384F9-A05D-4AEE-8846-0326C5B95B02}.Release|x86.ActiveCfg = Release|Any CPU
		{A50384F9-A05D-4AEE-8846-0326C5B95B02}.Release|x86.Build.0 = Release|Any CPU
		{B0789814-6DE4-965A-1CA3-1D72D9E9A904}.Debug|Any CPU.ActiveCfg = Debug|Any CPU
		{B0789814-6DE4-965A-1CA3-1D72D9E9A904}.Debug|Any CPU.Build.0 = Debug|Any CPU
		{B0789814-6DE4-965A-1CA3-1D72D9E9A904}.Debug|x64.ActiveCfg = Debug|Any CPU
		{B0789814-6DE4-965A-1CA3-1D72D9E9A904}.Debug|x64.Build.0 = Debug|Any CPU
		{B0789814-6DE4-965A-1CA3-1D72D9E9A904}.Debug|x86.ActiveCfg = Debug|Any CPU
		{B0789814-6DE4-965A-1CA3-1D72D9E9A904}.Debug|x86.Build.0 = Debug|Any CPU
		{B0789814-6DE4-965A-1CA3-1D72D9E9A904}.Release|Any CPU.ActiveCfg = Release|Any CPU
		{B0789814-6DE4-965A-1CA3-1D72D9E9A904}.Release|Any CPU.Build.0 = Release|Any CPU
		{B0789814-6DE4-965A-1CA3-1D72D9E9A904}.Release|x64.ActiveCfg = Release|Any CPU
		{B0789814-6DE4-965A-1CA3-1D72D9E9A904}.Release|x64.Build.0 = Release|Any CPU
		{B0789814-6DE4-965A-1CA3-1D72D9E9A904}.Release|x86.ActiveCfg = Release|Any CPU
		{B0789814-6DE4-965A-1CA3-1D72D9E9A904}.Release|x86.Build.0 = Release|Any CPU
		{B4F0726E-B6C4-A503-5137-815B4C1D4DAF}.Debug|Any CPU.ActiveCfg = Debug|Any CPU
		{B4F0726E-B6C4-A503-5137-815B4C1D4DAF}.Debug|Any CPU.Build.0 = Debug|Any CPU
		{B4F0726E-B6C4-A503-5137-815B4C1D4DAF}.Debug|x64.ActiveCfg = Debug|Any CPU
		{B4F0726E-B6C4-A503-5137-815B4C1D4DAF}.Debug|x64.Build.0 = Debug|Any CPU
		{B4F0726E-B6C4-A503-5137-815B4C1D4DAF}.Debug|x86.ActiveCfg = Debug|Any CPU
		{B4F0726E-B6C4-A503-5137-815B4C1D4DAF}.Debug|x86.Build.0 = Debug|Any CPU
		{B4F0726E-B6C4-A503-5137-815B4C1D4DAF}.Release|Any CPU.ActiveCfg = Release|Any CPU
		{B4F0726E-B6C4-A503-5137-815B4C1D4DAF}.Release|Any CPU.Build.0 = Release|Any CPU
		{B4F0726E-B6C4-A503-5137-815B4C1D4DAF}.Release|x64.ActiveCfg = Release|Any CPU
		{B4F0726E-B6C4-A503-5137-815B4C1D4DAF}.Release|x64.Build.0 = Release|Any CPU
		{B4F0726E-B6C4-A503-5137-815B4C1D4DAF}.Release|x86.ActiveCfg = Release|Any CPU
		{B4F0726E-B6C4-A503-5137-815B4C1D4DAF}.Release|x86.Build.0 = Release|Any CPU
	EndGlobalSection
	GlobalSection(SolutionProperties) = preSolution
		HideSolutionNode = FALSE
	EndGlobalSection
	GlobalSection(NestedProjects) = preSolution
		{A50384F9-A05D-4AEE-8846-0326C5B95B02} = {42421973-0E2B-D754-24AC-2A89AA0E70EC}
	EndGlobalSection
	GlobalSection(ExtensibilityGlobals) = postSolution
		SolutionGuid = {22C0ECAF-88E4-4882-A105-5E1947F5864A}
	EndGlobalSection
EndGlobal
